{
  "requires": true,
  "lockfileVersion": 1,
  "dependencies": {
    "vue-babylonjs": {
      "version": "1.0.0-beta.7",
      "resolved": "https://registry.npmjs.org/vue-babylonjs/-/vue-babylonjs-1.0.0-beta.7.tgz",
      "integrity": "sha512-bf6M7uZ+1k89/s4ImLoHwOa4O3i3aMTv5UO3vGJ8k18O6ynfk3o+ZkoTV1M2wiF+UJiDWXuRZEIqC8Ka3jMrBA=="
    }
  }
}
